
Microsoft Visual Studio Solution File, Format Version 12.00
# Visual Studio 15
VisualStudioVersion = 15.0.26124.0
MinimumVisualStudioVersion = 15.0.26124.0
Project("{FAE04EC0-301F-11D3-BF4B-00C04F79EFBC}") = "Api", "Api\Api.csproj", "{2204E9F8-574A-4457-B8FC-83F8644F1C42}"
EndProject
Project("{FAE04EC0-301F-11D3-BF4B-00C04F79EFBC}") = "Core", "Core\Core.csproj", "{D04376C3-C200-4CFB-87D7-3D6C37C336B4}"
EndProject
Project("{FAE04EC0-301F-11D3-BF4B-00C04F79EFBC}") = "Infraestructure", "Infraestructure\Infraestructure.csproj", "{AC310B2A-6D5F-4095-8888-6F2E4EDD3C03}"
EndProject
Global
	GlobalSection(SolutionConfigurationPlatforms) = preSolution
		Debug|Any CPU = Debug|Any CPU
		Debug|x64 = Debug|x64
		Debug|x86 = Debug|x86
		Release|Any CPU = Release|Any CPU
		Release|x64 = Release|x64
		Release|x86 = Release|x86
	EndGlobalSection
	GlobalSection(SolutionProperties) = preSolution
		HideSolutionNode = FALSE
	EndGlobalSection
	GlobalSection(ProjectConfigurationPlatforms) = postSolution
		{2204E9F8-574A-4457-B8FC-83F8644F1C42}.Debug|Any CPU.ActiveCfg = Debug|Any CPU
		{2204E9F8-574A-4457-B8FC-83F8644F1C42}.Debug|Any CPU.Build.0 = Debug|Any CPU
		{2204E9F8-574A-4457-B8FC-83F8644F1C42}.Debug|x64.ActiveCfg = Debug|Any CPU
		{2204E9F8-574A-4457-B8FC-83F8644F1C42}.Debug|x64.Build.0 = Debug|Any CPU
		{2204E9F8-574A-4457-B8FC-83F8644F1C42}.Debug|x86.ActiveCfg = Debug|Any CPU
		{2204E9F8-574A-4457-B8FC-83F8644F1C42}.Debug|x86.Build.0 = Debug|Any CPU
		{2204E9F8-574A-4457-B8FC-83F8644F1C42}.Release|Any CPU.ActiveCfg = Release|Any CPU
		{2204E9F8-574A-4457-B8FC-83F8644F1C42}.Release|Any CPU.Build.0 = Release|Any CPU
		{2204E9F8-574A-4457-B8FC-83F8644F1C42}.Release|x64.ActiveCfg = Release|Any CPU
		{2204E9F8-574A-4457-B8FC-83F8644F1C42}.Release|x64.Build.0 = Release|Any CPU
		{2204E9F8-574A-4457-B8FC-83F8644F1C42}.Release|x86.ActiveCfg = Release|Any CPU
		{2204E9F8-574A-4457-B8FC-83F8644F1C42}.Release|x86.Build.0 = Release|Any CPU
		{D04376C3-C200-4CFB-87D7-3D6C37C336B4}.Debug|Any CPU.ActiveCfg = Debug|Any CPU
		{D04376C3-C200-4CFB-87D7-3D6C37C336B4}.Debug|Any CPU.Build.0 = Debug|Any CPU
		{D04376C3-C200-4CFB-87D7-3D6C37C336B4}.Debug|x64.ActiveCfg = Debug|Any CPU
		{D04376C3-C200-4CFB-87D7-3D6C37C336B4}.Debug|x64.Build.0 = Debug|Any CPU
		{D04376C3-C200-4CFB-87D7-3D6C37C336B4}.Debug|x86.ActiveCfg = Debug|Any CPU
		{D04376C3-C200-4CFB-87D7-3D6C37C336B4}.Debug|x86.Build.0 = Debug|Any CPU
		{D04376C3-C200-4CFB-87D7-3D6C37C336B4}.Release|Any CPU.ActiveCfg = Release|Any CPU
		{D04376C3-C200-4CFB-87D7-3D6C37C336B4}.Release|Any CPU.Build.0 = Release|Any CPU
		{D04376C3-C200-4CFB-87D7-3D6C37C336B4}.Release|x64.ActiveCfg = Release|Any CPU
		{D04376C3-C200-4CFB-87D7-3D6C37C336B4}.Release|x64.Build.0 = Release|Any CPU
		{D04376C3-C200-4CFB-87D7-3D6C37C336B4}.Release|x86.ActiveCfg = Release|Any CPU
		{D04376C3-C200-4CFB-87D7-3D6C37C336B4}.Release|x86.Build.0 = Release|Any CPU
		{AC310B2A-6D5F-4095-8888-6F2E4EDD3C03}.Debug|Any CPU.ActiveCfg = Debug|Any CPU
		{AC310B2A-6D5F-4095-8888-6F2E4EDD3C03}.Debug|Any CPU.Build.0 = Debug|Any CPU
		{AC310B2A-6D5F-4095-8888-6F2E4EDD3C03}.Debug|x64.ActiveCfg = Debug|Any CPU
		{AC310B2A-6D5F-4095-8888-6F2E4EDD3C03}.Debug|x64.Build.0 = Debug|Any CPU
		{AC310B2A-6D5F-4095-8888-6F2E4EDD3C03}.Debug|x86.ActiveCfg = Debug|Any CPU
		{AC310B2A-6D5F-4095-8888-6F2E4EDD3C03}.Debug|x86.Build.0 = Debug|Any CPU
		{AC310B2A-6D5F-4095-8888-6F2E4EDD3C03}.Release|Any CPU.ActiveCfg = Release|Any CPU
		{AC310B2A-6D5F-4095-8888-6F2E4EDD3C03}.Release|Any CPU.Build.0 = Release|Any CPU
		{AC310B2A-6D5F-4095-8888-6F2E4EDD3C03}.Release|x64.ActiveCfg = Release|Any CPU
		{AC310B2A-6D5F-4095-8888-6F2E4EDD3C03}.Release|x64.Build.0 = Release|Any CPU
		{AC310B2A-6D5F-4095-8888-6F2E4EDD3C03}.Release|x86.ActiveCfg = Release|Any CPU
		{AC310B2A-6D5F-4095-8888-6F2E4EDD3C03}.Release|x86.Build.0 = Release|Any CPU
	EndGlobalSection
EndGlobal
